
Microsoft Visual Studio Solution File, Format Version 12.00
# Visual Studio Version 17
VisualStudioVersion = 17.9.34616.47
MinimumVisualStudioVersion = 10.0.40219.1
Project("{9A19103F-16F7-4668-BE54-9A1E7A4F7556}") = "GrpcService_CRUD", "GrpcService_CRUD\GrpcService_CRUD.csproj", "{14BB1D23-B4B7-4699-819C-8A9F58F00620}"
EndProject
Project("{FAE04EC0-301F-11D3-BF4B-00C04F79EFBC}") = "ConsoleApp1", "ConsoleApp1\ConsoleApp1.csproj", "{BB55F84E-44B1-40EB-B77C-B1DE60AD75C6}"
EndProject
Global
	GlobalSection(SolutionConfigurationPlatforms) = preSolution
		Debug|Any CPU = Debug|Any CPU
		Release|Any CPU = Release|Any CPU
	EndGlobalSection
	GlobalSection(ProjectConfigurationPlatforms) = postSolution
		{14BB1D23-B4B7-4699-819C-8A9F58F00620}.Debug|Any CPU.ActiveCfg = Debug|Any CPU
		{14BB1D23-B4B7-4699-819C-8A9F58F00620}.Debug|Any CPU.Build.0 = Debug|Any CPU
		{14BB1D23-B4B7-4699-819C-8A9F58F00620}.Release|Any CPU.ActiveCfg = Release|Any CPU
		{14BB1D23-B4B7-4699-819C-8A9F58F00620}.Release|Any CPU.Build.0 = Release|Any CPU
		{BB55F84E-44B1-40EB-B77C-B1DE60AD75C6}.Debug|Any CPU.ActiveCfg = Debug|Any CPU
		{BB55F84E-44B1-40EB-B77C-B1DE60AD75C6}.Debug|Any CPU.Build.0 = Debug|Any CPU
		{BB55F84E-44B1-40EB-B77C-B1DE60AD75C6}.Release|Any CPU.ActiveCfg = Release|Any CPU
		{BB55F84E-44B1-40EB-B77C-B1DE60AD75C6}.Release|Any CPU.Build.0 = Release|Any CPU
	EndGlobalSection
	GlobalSection(SolutionProperties) = preSolution
		HideSolutionNode = FALSE
	EndGlobalSection
	GlobalSection(ExtensibilityGlobals) = postSolution
		SolutionGuid = {6DCC90AB-B778-467B-B337-4BD0EE962824}
	EndGlobalSection
EndGlobal
